{
  "name": "test",
  "version": "1.0.0",
  "lockfileVersion": 1,
  "requires": true,
  "dependencies": {
    "@sentry/core": {
      "version": "4.0.0-rc.2",
      "resolved": "https://registry.npmjs.org/@sentry/core/-/core-4.0.0-rc.2.tgz",
      "integrity": "sha512-UocnBqa/YNSH2d8k/tNSKPS61nCYNEZTfCTsmqMqFwB7P0OlOIows/LiOlzZhFecoc1/DK1kcyDITtj2JUVQTg==",
      "requires": {
        "@sentry/hub": "4.0.0-rc.2",
        "@sentry/minimal": "4.0.0-rc.2",
        "@sentry/types": "4.0.0-rc.2",
        "@sentry/utils": "4.0.0-rc.2"
      }
    },
    "@sentry/hub": {
      "version": "4.0.0-rc.2",
      "resolved": "https://registry.npmjs.org/@sentry/hub/-/hub-4.0.0-rc.2.tgz",
      "integrity": "sha512-/eqb2FUL5MP9RQxxXgjVTmhosRNLSL6s41eowIvQqLnNyiHz4V0Cth8n39Qu8ZipKy1ob+MOPBSQDjUGGbLo9Q==",
      "requires": {
        "@sentry/types": "4.0.0-rc.2",
        "@sentry/utils": "4.0.0-rc.2"
      }
    },
    "@sentry/minimal": {
      "version": "4.0.0-rc.2",
      "resolved": "https://registry.npmjs.org/@sentry/minimal/-/minimal-4.0.0-rc.2.tgz",
      "integrity": "sha512-GUj48ihvrwsnyAF/Vbjrav47ju8Uy1PJdJIhyODsw1G8APQ0MdveTSSrtJ0iHM0A+pg6zP2IfI01mI8qOJy7kg==",
      "requires": {
        "@sentry/hub": "4.0.0-rc.2",
        "@sentry/types": "4.0.0-rc.2"
      }
    },
    "@sentry/node": {
      "version": "4.0.0-rc.2",
      "resolved": "https://registry.npmjs.org/@sentry/node/-/node-4.0.0-rc.2.tgz",
      "integrity": "sha512-yOefWsJC6knq+n0/fiiI/X/epgd6EvmdkivglsDUrX7jbwPg9uQfmDqdI4qbpRqFNF4cYwFjlsE3h17dJuTWOg==",
      "requires": {
        "@sentry/core": "4.0.0-rc.2",
        "@sentry/hub": "4.0.0-rc.2",
        "@sentry/minimal": "4.0.0-rc.2",
        "@sentry/types": "4.0.0-rc.2",
        "@sentry/utils": "4.0.0-rc.2",
        "cookie": "0.3.1",
        "lsmod": "1.0.0",
        "md5": "2.2.1",
        "stack-trace": "0.0.10"
      }
    },
    "@sentry/types": {
      "version": "4.0.0-rc.2",
      "resolved": "https://registry.npmjs.org/@sentry/types/-/types-4.0.0-rc.2.tgz",
      "integrity": "sha512-0y6ITDtBGmzzpfcf+Ao+EpfkucmFOTmJDWhGeLeWzE8JZjaRYEHbiULyhqZ77Mem6Hockw3BikLFysGLwQwa0w=="
    },
    "@sentry/utils": {
      "version": "4.0.0-rc.2",
      "resolved": "https://registry.npmjs.org/@sentry/utils/-/utils-4.0.0-rc.2.tgz",
      "integrity": "sha512-DdCY1FeCbJpChh8A3dKSU5k5jen/zP2Eb+jXmvcagR6WtVfdOYsLSjugl9QGUvSdlOyP3MD5nOALalqbxONoaQ==",
      "requires": {
        "@sentry/types": "4.0.0-rc.2"
      }
    },
    "@types/node": {
      "version": "10.9.4",
      "resolved": "https://registry.npmjs.org/@types/node/-/node-10.9.4.tgz",
      "integrity": "sha512-fCHV45gS+m3hH17zgkgADUSi2RR1Vht6wOZ0jyHP8rjiQra9f+mIcgwPQHllmDocYOstIEbKlxbFDYlgrTPYqw=="
    },
    "charenc": {
      "version": "0.0.2",
      "resolved": "https://registry.npmjs.org/charenc/-/charenc-0.0.2.tgz",
      "integrity": "sha1-wKHS86cJLgN3S/qD8UwPxXkKhmc="
    },
    "cookie": {
      "version": "0.3.1",
      "resolved": "https://registry.npmjs.org/cookie/-/cookie-0.3.1.tgz",
      "integrity": "sha1-5+Ch+e9DtMi6klxcWpboBtFoc7s="
    },
    "crypt": {
      "version": "0.0.2",
      "resolved": "https://registry.npmjs.org/crypt/-/crypt-0.0.2.tgz",
      "integrity": "sha1-iNf/fsDfuG9xPch7u0LQRNPmxBs="
    },
    "is-buffer": {
      "version": "1.1.6",
      "resolved": "https://registry.npmjs.org/is-buffer/-/is-buffer-1.1.6.tgz",
      "integrity": "sha512-NcdALwpXkTm5Zvvbk7owOUSvVvBKDgKP5/ewfXEznmQFfs4ZRmanOeKBTjRVjka3QFoN6XJ+9F3USqfHqTaU5w=="
    },
    "lsmod": {
      "version": "1.0.0",
      "resolved": "https://registry.npmjs.org/lsmod/-/lsmod-1.0.0.tgz",
      "integrity": "sha1-mgD3bco26yP6BTUK/htYXUKZ5ks="
    },
    "md5": {
      "version": "2.2.1",
      "resolved": "https://registry.npmjs.org/md5/-/md5-2.2.1.tgz",
      "integrity": "sha1-U6s41f48iJG6RlMp6iP6wFQBJvk=",
      "requires": {
        "charenc": "~0.0.1",
        "crypt": "~0.0.1",
        "is-buffer": "~1.1.1"
      }
    },
    "stack-trace": {
      "version": "0.0.10",
      "resolved": "https://registry.npmjs.org/stack-trace/-/stack-trace-0.0.10.tgz",
      "integrity": "sha1-VHxws0fo0ytOEI6hoqFZ5f3eGcA="
    }
  }
}
